// !$*UTF8*$!
{
	archiveVersion = 1;
	classes = {
	};
	objectVersion = 77;
	objects = {

/* Begin PBXBuildFile section */
		8FED61A00000000000000003 /* Supabase in Frameworks */ = {isa = PBXBuildFile; productRef = 8FED61A00000000000000002 /* Supabase */; };
		8FED61A00000000000000013 /* RevenueCat in Frameworks */ = {isa = PBXBuildFile; productRef = 8FED61A00000000000000012 /* RevenueCat */; };
		8FED61A00000000000000023 /* Sentry in Frameworks */ = {isa = PBXBuildFile; productRef = 8FED61A00000000000000022 /* Sentry */; };
		8FED61A00000000000000033 /* PostHog in Frameworks */ = {isa = PBXBuildFile; productRef = 8FED61A00000000000000032 /* PostHog */; };
/* End PBXBuildFile section */

/* Begin PBXContainerItemProxy section */
		8FED61452FD82AEB006A930D /* PBXContainerItemProxy */ = {
			isa = PBXContainerItemProxy;
			containerPortal = 8FED612F2FD82AE8006A930D /* Project object */;
			proxyType = 1;
			remoteGlobalIDString = 8FED61362FD82AE8006A930D;
			remoteInfo = Farmsy;
		};
		8FED614F2FD82AEB006A930D /* PBXContainerItemProxy */ = {
			isa = PBXContainerItemProxy;
			containerPortal = 8FED612F2FD82AE8006A930D /* Project object */;
			proxyType = 1;
			remoteGlobalIDString = 8FED61362FD82AE8006A930D;
			remoteInfo = Farmsy;
		};
/* End PBXContainerItemProxy section */

/* Begin PBXFileReference section */
		8FED61372FD82AE8006A930D /* Farmsy.app */ = {isa = PBXFileReference; explicitFileType = wrapper.application; includeInIndex = 0; path = Farmsy.app; sourceTree = BUILT_PRODUCTS_DIR; };
		8FED61442FD82AEB006A930D /* FarmsyTests.xctest */ = {isa = PBXFileReference; explicitFileType = wrapper.cfbundle; includeInIndex = 0; path = FarmsyTests.xctest; sourceTree = BUILT_PRODUCTS_DIR; };
		8FED614E2FD82AEB006A930D /* FarmsyUITests.xctest */ = {isa = PBXFileReference; explicitFileType = wrapper.cfbundle; includeInIndex = 0; path = FarmsyUITests.xctest; sourceTree = BUILT_PRODUCTS_DIR; };
/* End PBXFileReference section */

/* Begin PBXFileSystemSynchronizedRootGroup section */
		8FED61392FD82AE8006A930D /* Farmsy */ = {
			isa = PBXFileSystemSynchronizedRootGroup;
			path = Farmsy;
			sourceTree = "<group>";
		};
		8FED61472FD82AEB006A930D /* FarmsyTests */ = {
			isa = PBXFileSystemSynchronizedRootGroup;
			path = FarmsyTests;
			sourceTree = "<group>";
		};
		8FED61512FD82AEB006A930D /* FarmsyUITests */ = {
			isa = PBXFileSystemSynchronizedRootGroup;
			path = FarmsyUITests;
			sourceTree = "<group>";
		};
/* End PBXFileSystemSynchronizedRootGroup section */

/* Begin PBXFrameworksBuildPhase section */
		8FED61342FD82AE8006A930D /* Frameworks */ = {
			isa = PBXFrameworksBuildPhase;
			buildActionMask = 2147483647;
			files = (
				8FED61A00000000000000003 /* Supabase in Frameworks */,
				8FED61A00000000000000013 /* RevenueCat in Frameworks */,
				8FED61A00000000000000023 /* Sentry in Frameworks */,
				8FED61A00000000000000033 /* PostHog in Frameworks */,
			);
			runOnlyForDeploymentPostprocessing = 0;
		};
		8FED61412FD82AEB006A930D /* Frameworks */ = {
			isa = PBXFrameworksBuildPhase;
			buildActionMask = 2147483647;
			files = (
			);
			runOnlyForDeploymentPostprocessing = 0;
		};
		8FED614B2FD82AEB006A930D /* Frameworks */ = {
			isa = PBXFrameworksBuildPhase;
			buildActionMask = 2147483647;
			files = (
			);
			runOnlyForDeploymentPostprocessing = 0;
		};
/* End PBXFrameworksBuildPhase section */

/* Begin PBXGroup section */
		8FED612E2FD82AE8006A930D = {
			isa = PBXGroup;
			children = (
				8FED61392FD82AE8006A930D /* Farmsy */,
				8FED61472FD82AEB006A930D /* FarmsyTests */,
				8FED61512FD82AEB006A930D /* FarmsyUITests */,
				8FED61382FD82AE8006A930D /* Products */,
			);
			sourceTree = "<group>";
		};
		8FED61382FD82AE8006A930D /* Products */ = {
			isa = PBXGroup;
			children = (
				8FED61372FD82AE8006A930D /* Farmsy.app */,
				8FED61442FD82AEB006A930D /* FarmsyTests.xctest */,
				8FED614E2FD82AEB006A930D /* FarmsyUITests.xctest */,
			);
			name = Products;
			sourceTree = "<group>";
		};
/* End PBXGroup section */

/* Begin PBXNativeTarget section */
		8FED61362FD82AE8006A930D /* Farmsy */ = {
			isa = PBXNativeTarget;
			buildConfigurationList = 8FED61582FD82AEB006A930D /* Build configuration list for PBXNativeTarget "Farmsy" */;
			buildPhases = (
				8FED61332FD82AE8006A930D /* Sources */,
				8FED61342FD82AE8006A930D /* Frameworks */,
				8FED61352FD82AE8006A930D /* Resources */,
			);
			buildRules = (
			);
			dependencies = (
			);
			fileSystemSynchronizedGroups = (
				8FED61392FD82AE8006A930D /* Farmsy */,
			);
			name = Farmsy;
			packageProductDependencies = (
				8FED61A00000000000000002 /* Supabase */,
				8FED61A00000000000000012 /* RevenueCat */,
				8FED61A00000000000000022 /* Sentry */,
				8FED61A00000000000000032 /* PostHog */,
			);
			productName = Farmsy;
			productReference = 8FED61372FD82AE8006A930D /* Farmsy.app */;
			productType = "com.apple.product-type.application";
		};
		8FED61432FD82AEB006A930D /* FarmsyTests */ = {
			isa = PBXNativeTarget;
			buildConfigurationList = 8FED615B2FD82AEB006A930D /* Build configuration list for PBXNativeTarget "FarmsyTests" */;
			buildPhases = (
				8FED61402FD82AEB006A930D /* Sources */,
				8FED61412FD82AEB006A930D /* Frameworks */,
				8FED61422FD82AEB006A930D /* Resources */,
			);
			buildRules = (
			);
			dependencies = (
				8FED61462FD82AEB006A930D /* PBXTargetDependency */,
			);
			fileSystemSynchronizedGroups = (
				8FED61472FD82AEB006A930D /* FarmsyTests */,
			);
			name = FarmsyTests;
			packageProductDependencies = (
			);
			productName = FarmsyTests;
			productReference = 8FED61442FD82AEB006A930D /* FarmsyTests.xctest */;
			productType = "com.apple.product-type.bundle.unit-test";
		};
		8FED614D2FD82AEB006A930D /* FarmsyUITests */ = {
			isa = PBXNativeTarget;
			buildConfigurationList = 8FED615E2FD82AEB006A930D /* Build configuration list for PBXNativeTarget "FarmsyUITests" */;
			buildPhases = (
				8FED614A2FD82AEB006A930D /* Sources */,
				8FED614B2FD82AEB006A930D /* Frameworks */,
				8FED614C2FD82AEB006A930D /* Resources */,
			);
			buildRules = (
			);
			dependencies = (
				8FED61502FD82AEB006A930D /* PBXTargetDependency */,
			);
			fileSystemSynchronizedGroups = (
				8FED61512FD82AEB006A930D /* FarmsyUITests */,
			);
			name = FarmsyUITests;
			packageProductDependencies = (
			);
			productName = FarmsyUITests;
			productReference = 8FED614E2FD82AEB006A930D /* FarmsyUITests.xctest */;
			productType = "com.apple.product-type.bundle.ui-testing";
		};
/* End PBXNativeTarget section */

/* Begin PBXProject section */
		8FED612F2FD82AE8006A930D /* Project object */ = {
			isa = PBXProject;
			attributes = {
				BuildIndependentTargetsInParallel = 1;
				LastSwiftUpdateCheck = 1640;
				LastUpgradeCheck = 1640;
				TargetAttributes = {
					8FED61362FD82AE8006A930D = {
						CreatedOnToolsVersion = 16.4;
					};
					8FED61432FD82AEB006A930D = {
						CreatedOnToolsVersion = 16.4;
						TestTargetID = 8FED61362FD82AE8006A930D;
					};
					8FED614D2FD82AEB006A930D = {
						CreatedOnToolsVersion = 16.4;
						TestTargetID = 8FED61362FD82AE8006A930D;
					};
				};
			};
			buildConfigurationList = 8FED61322FD82AE8006A930D /* Build configuration list for PBXProject "Farmsy" */;
			developmentRegion = en;
			hasScannedForEncodings = 0;
			knownRegions = (
				en,
				nl,
				fr,
				de,
				Base,
			);
			mainGroup = 8FED612E2FD82AE8006A930D;
			minimizedProjectReferenceProxies = 1;
			packageReferences = (
				8FED61A00000000000000001 /* XCRemoteSwiftPackageReference "supabase-swift" */,
				8FED61A00000000000000011 /* XCRemoteSwiftPackageReference "purchases-ios" */,
				8FED61A00000000000000021 /* XCRemoteSwiftPackageReference "sentry-cocoa" */,
				8FED61A00000000000000031 /* XCRemoteSwiftPackageReference "posthog-ios" */,
			);
			preferredProjectObjectVersion = 77;
			productRefGroup = 8FED61382FD82AE8006A930D /* Products */;
			projectDirPath = "";
			projectRoot = "";
			targets = (
				8FED61362FD82AE8006A930D /* Farmsy */,
				8FED61432FD82AEB006A930D /* FarmsyTests */,
				8FED614D2FD82AEB006A930D /* FarmsyUITests */,
			);
		};
/* End PBXProject section */

/* Begin PBXResourcesBuildPhase section */
		8FED61352FD82AE8006A930D /* Resources */ = {
			isa = PBXResourcesBuildPhase;
			buildActionMask = 2147483647;
			files = (
			);
			runOnlyForDeploymentPostprocessing = 0;
		};
		8FED61422FD82AEB006A930D /* Resources */ = {
			isa = PBXResourcesBuildPhase;
			buildActionMask = 2147483647;
			files = (
			);
			runOnlyForDeploymentPostprocessing = 0;
		};
		8FED614C2FD82AEB006A930D /* Resources */ = {
			isa = PBXResourcesBuildPhase;
			buildActionMask = 2147483647;
			files = (
			);
			runOnlyForDeploymentPostprocessing = 0;
		};
/* End PBXResourcesBuildPhase section */

/* Begin PBXSourcesBuildPhase section */
		8FED61332FD82AE8006A930D /* Sources */ = {
			isa = PBXSourcesBuildPhase;
			buildActionMask = 2147483647;
			files = (
			);
			runOnlyForDeploymentPostprocessing = 0;
		};
		8FED61402FD82AEB006A930D /* Sources */ = {
			isa = PBXSourcesBuildPhase;
			buildActionMask = 2147483647;
			files = (
			);
			runOnlyForDeploymentPostprocessing = 0;
		};
		8FED614A2FD82AEB006A930D /* Sources */ = {
			isa = PBXSourcesBuildPhase;
			buildActionMask = 2147483647;
			files = (
			);
			runOnlyForDeploymentPostprocessing = 0;
		};
/* End PBXSourcesBuildPhase section */

/* Begin PBXTargetDependency section */
		8FED61462FD82AEB006A930D /* PBXTargetDependency */ = {
			isa = PBXTargetDependency;
			target = 8FED61362FD82AE8006A930D /* Farmsy */;
			targetProxy = 8FED61452FD82AEB006A930D /* PBXContainerItemProxy */;
		};
		8FED61502FD82AEB006A930D /* PBXTargetDependency */ = {
			isa = PBXTargetDependency;
			target = 8FED61362FD82AE8006A930D /* Farmsy */;
			targetProxy = 8FED614F2FD82AEB006A930D /* PBXContainerItemProxy */;
		};
/* End PBXTargetDependency section */

/* Begin XCBuildConfiguration section */
		8FED61562FD82AEB006A930D /* Debug */ = {
			isa = XCBuildConfiguration;
			buildSettings = {
				ALWAYS_SEARCH_USER_PATHS = NO;
				ASSETCATALOG_COMPILER_GENERATE_SWIFT_ASSET_SYMBOL_EXTENSIONS = YES;
				CLANG_ANALYZER_NONNULL = YES;
				CLANG_ANALYZER_NUMBER_OBJECT_CONVERSION = YES_AGGRESSIVE;
				CLANG_CXX_LANGUAGE_STANDARD = "gnu++20";
				CLANG_ENABLE_MODULES = YES;
				CLANG_ENABLE_OBJC_ARC = YES;
				CLANG_ENABLE_OBJC_WEAK = YES;
				CLANG_WARN_BLOCK_CAPTURE_AUTORELEASING = YES;
				CLANG_WARN_BOOL_CONVERSION = YES;
				CLANG_WARN_COMMA = YES;
				CLANG_WARN_CONSTANT_CONVERSION = YES;
				CLANG_WARN_DEPRECATED_OBJC_IMPLEMENTATIONS = YES;
				CLANG_WARN_DIRECT_OBJC_ISA_USAGE = YES_ERROR;
				CLANG_WARN_DOCUMENTATION_COMMENTS = YES;
				CLANG_WARN_EMPTY_BODY = YES;
				CLANG_WARN_ENUM_CONVERSION = YES;
				CLANG_WARN_INFINITE_RECURSION = YES;
				CLANG_WARN_INT_CONVERSION = YES;
				CLANG_WARN_NON_LITERAL_NULL_CONVERSION = YES;
				CLANG_WARN_OBJC_IMPLICIT_RETAIN_SELF = YES;
				CLANG_WARN_OBJC_LITERAL_CONVERSION = YES;
				CLANG_WARN_OBJC_ROOT_CLASS = YES_ERROR;
				CLANG_WARN_QUOTED_INCLUDE_IN_FRAMEWORK_HEADER = YES;
				CLANG_WARN_RANGE_LOOP_ANALYSIS = YES;
				CLANG_WARN_STRICT_PROTOTYPES = YES;
				CLANG_WARN_SUSPICIOUS_MOVE = YES;
				CLANG_WARN_UNGUARDED_AVAILABILITY = YES_AGGRESSIVE;
				CLANG_WARN_UNREACHABLE_CODE = YES;
				CLANG_WARN__DUPLICATE_METHOD_MATCH = YES;
				COPY_PHASE_STRIP = NO;
				DEBUG_INFORMATION_FORMAT = dwarf;
				DEVELOPMENT_TEAM = 8UD57A925C;
				ENABLE_STRICT_OBJC_MSGSEND = YES;
				ENABLE_TESTABILITY = YES;
				ENABLE_USER_SCRIPT_SANDBOXING = YES;
				GCC_C_LANGUAGE_STANDARD = gnu17;
				GCC_DYNAMIC_NO_PIC = NO;
				GCC_NO_COMMON_BLOCKS = YES;
				GCC_OPTIMIZATION_LEVEL = 0;
				GCC_PREPROCESSOR_DEFINITIONS = (
					"DEBUG=1",
					"$(inherited)",
				);
				GCC_WARN_64_TO_32_BIT_CONVERSION = YES;
				GCC_WARN_ABOUT_RETURN_TYPE = YES_ERROR;
				GCC_WARN_UNDECLARED_SELECTOR = YES;
				GCC_WARN_UNINITIALIZED_AUTOS = YES_AGGRESSIVE;
				GCC_WARN_UNUSED_FUNCTION = YES;
				GCC_WARN_UNUSED_VARIABLE = YES;
				IPHONEOS_DEPLOYMENT_TARGET = 17.0;
				LOCALIZATION_PREFERS_STRING_CATALOGS = YES;
				MTL_ENABLE_DEBUG_INFO = INCLUDE_SOURCE;
				MTL_FAST_MATH = YES;
				ONLY_ACTIVE_ARCH = YES;
				SDKROOT = iphoneos;
				SWIFT_ACTIVE_COMPILATION_CONDITIONS = "DEBUG $(inherited)";
				SWIFT_OPTIMIZATION_LEVEL = "-Onone";
			};
			name = Debug;
		};
		8FED61572FD82AEB006A930D /* Release */ = {
			isa = XCBuildConfiguration;
			buildSettings = {
				ALWAYS_SEARCH_USER_PATHS = NO;
				ASSETCATALOG_COMPILER_GENERATE_SWIFT_ASSET_SYMBOL_EXTENSIONS = YES;
				CLANG_ANALYZER_NONNULL = YES;
				CLANG_ANALYZER_NUMBER_OBJECT_CONVERSION = YES_AGGRESSIVE;
				CLANG_CXX_LANGUAGE_STANDARD = "gnu++20";
				CLANG_ENABLE_MODULES = YES;
				CLANG_ENABLE_OBJC_ARC = YES;
				CLANG_ENABLE_OBJC_WEAK = YES;
				CLANG_WARN_BLOCK_CAPTURE_AUTORELEASING = YES;
				CLANG_WARN_BOOL_CONVERSION = YES;
				CLANG_WARN_COMMA = YES;
				CLANG_WARN_CONSTANT_CONVERSION = YES;
				CLANG_WARN_DEPRECATED_OBJC_IMPLEMENTATIONS = YES;
				CLANG_WARN_DIRECT_OBJC_ISA_USAGE = YES_ERROR;
				CLANG_WARN_DOCUMENTATION_COMMENTS = YES;
				CLANG_WARN_EMPTY_BODY = YES;
				CLANG_WARN_ENUM_CONVERSION = YES;
				CLANG_WARN_INFINITE_RECURSION = YES;
				CLANG_WARN_INT_CONVERSION = YES;
				CLANG_WARN_NON_LITERAL_NULL_CONVERSION = YES;
				CLANG_WARN_OBJC_IMPLICIT_RETAIN_SELF = YES;
				CLANG_WARN_OBJC_LITERAL_CONVERSION = YES;
				CLANG_WARN_OBJC_ROOT_CLASS = YES_ERROR;
				CLANG_WARN_QUOTED_INCLUDE_IN_FRAMEWORK_HEADER = YES;
				CLANG_WARN_RANGE_LOOP_ANALYSIS = YES;
				CLANG_WARN_STRICT_PROTOTYPES = YES;
				CLANG_WARN_SUSPICIOUS_MOVE = YES;
				CLANG_WARN_UNGUARDED_AVAILABILITY = YES_AGGRESSIVE;
				CLANG_WARN_UNREACHABLE_CODE = YES;
				CLANG_WARN__DUPLICATE_METHOD_MATCH = YES;
				COPY_PHASE_STRIP = NO;
				DEBUG_INFORMATION_FORMAT = "dwarf-with-dsym";
				DEVELOPMENT_TEAM = 8UD57A925C;
				ENABLE_NS_ASSERTIONS = NO;
				ENABLE_STRICT_OBJC_MSGSEND = YES;
				ENABLE_USER_SCRIPT_SANDBOXING = YES;
				GCC_C_LANGUAGE_STANDARD = gnu17;
				GCC_NO_COMMON_BLOCKS = YES;
				GCC_WARN_64_TO_32_BIT_CONVERSION = YES;
				GCC_WARN_ABOUT_RETURN_TYPE = YES_ERROR;
				GCC_WARN_UNDECLARED_SELECTOR = YES;
				GCC_WARN_UNINITIALIZED_AUTOS = YES_AGGRESSIVE;
				GCC_WARN_UNUSED_FUNCTION = YES;
				GCC_WARN_UNUSED_VARIABLE = YES;
				IPHONEOS_DEPLOYMENT_TARGET = 17.0;
				LOCALIZATION_PREFERS_STRING_CATALOGS = YES;
				MTL_ENABLE_DEBUG_INFO = NO;
				MTL_FAST_MATH = YES;
				SDKROOT = iphoneos;
				SWIFT_COMPILATION_MODE = wholemodule;
				VALIDATE_PRODUCT = YES;
			};
			name = Release;
		};
		8FED61592FD82AEB006A930D /* Debug */ = {
			isa = XCBuildConfiguration;
			buildSettings = {
				ASSETCATALOG_COMPILER_APPICON_NAME = AppIcon;
				ASSETCATALOG_COMPILER_GLOBAL_ACCENT_COLOR_NAME = AccentColor;
				CODE_SIGN_STYLE = Automatic;
				CURRENT_PROJECT_VERSION = 20;
				DEVELOPMENT_TEAM = 8UD57A925C;
				ENABLE_PREVIEWS = YES;
				GENERATE_INFOPLIST_FILE = YES;
				INFOPLIST_FILE = Support/Info.plist;
				INFOPLIST_KEY_NSLocationWhenInUseUsageDescription = "Farmsy uses your location to show farm shops near you.";
				INFOPLIST_KEY_ITSAppUsesNonExemptEncryption = NO;
				INFOPLIST_KEY_UIApplicationSceneManifest_Generation = YES;
				INFOPLIST_KEY_UIApplicationSupportsIndirectInputEvents = YES;
				INFOPLIST_KEY_UILaunchScreen_Generation = YES;
				INFOPLIST_KEY_UISupportedInterfaceOrientations_iPad = "UIInterfaceOrientationPortrait UIInterfaceOrientationPortraitUpsideDown UIInterfaceOrientationLandscapeLeft UIInterfaceOrientationLandscapeRight";
				INFOPLIST_KEY_UISupportedInterfaceOrientations_iPhone = "UIInterfaceOrientationPortrait UIInterfaceOrientationLandscapeLeft UIInterfaceOrientationLandscapeRight";
				LD_RUNPATH_SEARCH_PATHS = (
					"$(inherited)",
					"@executable_path/Frameworks",
				);
				MARKETING_VERSION = 1.1;
				CODE_SIGN_ENTITLEMENTS = Farmsy/Farmsy.entitlements;
				PRODUCT_BUNDLE_IDENTIFIER = app.farmsy.ios;
				PRODUCT_NAME = "$(TARGET_NAME)";
				SWIFT_EMIT_LOC_STRINGS = YES;
				SWIFT_VERSION = 5.0;
				TARGETED_DEVICE_FAMILY = "1";
			};
			name = Debug;
		};
		8FED615A2FD82AEB006A930D /* Release */ = {
			isa = XCBuildConfiguration;
			buildSettings = {
				ASSETCATALOG_COMPILER_APPICON_NAME = AppIcon;
				ASSETCATALOG_COMPILER_GLOBAL_ACCENT_COLOR_NAME = AccentColor;
				CODE_SIGN_STYLE = Automatic;
				CURRENT_PROJECT_VERSION = 20;
				DEVELOPMENT_TEAM = 8UD57A925C;
				ENABLE_PREVIEWS = YES;
				GENERATE_INFOPLIST_FILE = YES;
				INFOPLIST_FILE = Support/Info.plist;
				INFOPLIST_KEY_NSLocationWhenInUseUsageDescription = "Farmsy uses your location to show farm shops near you.";
				INFOPLIST_KEY_ITSAppUsesNonExemptEncryption = NO;
				INFOPLIST_KEY_UIApplicationSceneManifest_Generation = YES;
				INFOPLIST_KEY_UIApplicationSupportsIndirectInputEvents = YES;
				INFOPLIST_KEY_UILaunchScreen_Generation = YES;
				INFOPLIST_KEY_UISupportedInterfaceOrientations_iPad = "UIInterfaceOrientationPortrait UIInterfaceOrientationPortraitUpsideDown UIInterfaceOrientationLandscapeLeft UIInterfaceOrientationLandscapeRight";
				INFOPLIST_KEY_UISupportedInterfaceOrientations_iPhone = "UIInterfaceOrientationPortrait UIInterfaceOrientationLandscapeLeft UIInterfaceOrientationLandscapeRight";
				LD_RUNPATH_SEARCH_PATHS = (
					"$(inherited)",
					"@executable_path/Frameworks",
				);
				MARKETING_VERSION = 1.1;
				CODE_SIGN_ENTITLEMENTS = Farmsy/Farmsy.entitlements;
				PRODUCT_BUNDLE_IDENTIFIER = app.farmsy.ios;
				PRODUCT_NAME = "$(TARGET_NAME)";
				SWIFT_EMIT_LOC_STRINGS = YES;
				SWIFT_VERSION = 5.0;
				TARGETED_DEVICE_FAMILY = "1";
			};
			name = Release;
		};
		8FED615C2FD82AEB006A930D /* Debug */ = {
			isa = XCBuildConfiguration;
			buildSettings = {
				BUNDLE_LOADER = "$(TEST_HOST)";
				CODE_SIGN_STYLE = Automatic;
				CURRENT_PROJECT_VERSION = 20;
				DEVELOPMENT_TEAM = 8UD57A925C;
				GENERATE_INFOPLIST_FILE = YES;
				IPHONEOS_DEPLOYMENT_TARGET = 17.0;
				MARKETING_VERSION = 1.1;
				PRODUCT_BUNDLE_IDENTIFIER = DelokaleBoer.FarmsyTests;
				PRODUCT_NAME = "$(TARGET_NAME)";
				SWIFT_EMIT_LOC_STRINGS = NO;
				SWIFT_VERSION = 5.0;
				TARGETED_DEVICE_FAMILY = "1";
				TEST_HOST = "$(BUILT_PRODUCTS_DIR)/Farmsy.app/$(BUNDLE_EXECUTABLE_FOLDER_PATH)/Farmsy";
			};
			name = Debug;
		};
		8FED615D2FD82AEB006A930D /* Release */ = {
			isa = XCBuildConfiguration;
			buildSettings = {
				BUNDLE_LOADER = "$(TEST_HOST)";
				CODE_SIGN_STYLE = Automatic;
				CURRENT_PROJECT_VERSION = 20;
				DEVELOPMENT_TEAM = 8UD57A925C;
				GENERATE_INFOPLIST_FILE = YES;
				IPHONEOS_DEPLOYMENT_TARGET = 17.0;
				MARKETING_VERSION = 1.1;
				PRODUCT_BUNDLE_IDENTIFIER = DelokaleBoer.FarmsyTests;
				PRODUCT_NAME = "$(TARGET_NAME)";
				SWIFT_EMIT_LOC_STRINGS = NO;
				SWIFT_VERSION = 5.0;
				TARGETED_DEVICE_FAMILY = "1";
				TEST_HOST = "$(BUILT_PRODUCTS_DIR)/Farmsy.app/$(BUNDLE_EXECUTABLE_FOLDER_PATH)/Farmsy";
			};
			name = Release;
		};
		8FED615F2FD82AEB006A930D /* Debug */ = {
			isa = XCBuildConfiguration;
			buildSettings = {
				CODE_SIGN_STYLE = Automatic;
				CURRENT_PROJECT_VERSION = 20;
				DEVELOPMENT_TEAM = 8UD57A925C;
				GENERATE_INFOPLIST_FILE = YES;
				MARKETING_VERSION = 1.1;
				PRODUCT_BUNDLE_IDENTIFIER = DelokaleBoer.FarmsyUITests;
				PRODUCT_NAME = "$(TARGET_NAME)";
				SWIFT_EMIT_LOC_STRINGS = NO;
				SWIFT_VERSION = 5.0;
				TARGETED_DEVICE_FAMILY = "1";
				TEST_TARGET_NAME = Farmsy;
			};
			name = Debug;
		};
		8FED61602FD82AEB006A930D /* Release */ = {
			isa = XCBuildConfiguration;
			buildSettings = {
				CODE_SIGN_STYLE = Automatic;
				CURRENT_PROJECT_VERSION = 20;
				DEVELOPMENT_TEAM = 8UD57A925C;
				GENERATE_INFOPLIST_FILE = YES;
				MARKETING_VERSION = 1.1;
				PRODUCT_BUNDLE_IDENTIFIER = DelokaleBoer.FarmsyUITests;
				PRODUCT_NAME = "$(TARGET_NAME)";
				SWIFT_EMIT_LOC_STRINGS = NO;
				SWIFT_VERSION = 5.0;
				TARGETED_DEVICE_FAMILY = "1";
				TEST_TARGET_NAME = Farmsy;
			};
			name = Release;
		};
/* End XCBuildConfiguration section */

/* Begin XCConfigurationList section */
		8FED61322FD82AE8006A930D /* Build configuration list for PBXProject "Farmsy" */ = {
			isa = XCConfigurationList;
			buildConfigurations = (
				8FED61562FD82AEB006A930D /* Debug */,
				8FED61572FD82AEB006A930D /* Release */,
			);
			defaultConfigurationIsVisible = 0;
			defaultConfigurationName = Release;
		};
		8FED61582FD82AEB006A930D /* Build configuration list for PBXNativeTarget "Farmsy" */ = {
			isa = XCConfigurationList;
			buildConfigurations = (
				8FED61592FD82AEB006A930D /* Debug */,
				8FED615A2FD82AEB006A930D /* Release */,
			);
			defaultConfigurationIsVisible = 0;
			defaultConfigurationName = Release;
		};
		8FED615B2FD82AEB006A930D /* Build configuration list for PBXNativeTarget "FarmsyTests" */ = {
			isa = XCConfigurationList;
			buildConfigurations = (
				8FED615C2FD82AEB006A930D /* Debug */,
				8FED615D2FD82AEB006A930D /* Release */,
			);
			defaultConfigurationIsVisible = 0;
			defaultConfigurationName = Release;
		};
		8FED615E2FD82AEB006A930D /* Build configuration list for PBXNativeTarget "FarmsyUITests" */ = {
			isa = XCConfigurationList;
			buildConfigurations = (
				8FED615F2FD82AEB006A930D /* Debug */,
				8FED61602FD82AEB006A930D /* Release */,
			);
			defaultConfigurationIsVisible = 0;
			defaultConfigurationName = Release;
		};
/* End XCConfigurationList section */

/* Begin XCRemoteSwiftPackageReference section */
		8FED61A00000000000000001 /* XCRemoteSwiftPackageReference "supabase-swift" */ = {
			isa = XCRemoteSwiftPackageReference;
			repositoryURL = "https://github.com/supabase/supabase-swift";
			requirement = {
				kind = upToNextMajorVersion;
				minimumVersion = 2.49.0;
			};
		};
		8FED61A00000000000000011 /* XCRemoteSwiftPackageReference "purchases-ios" */ = {
			isa = XCRemoteSwiftPackageReference;
			repositoryURL = "https://github.com/RevenueCat/purchases-ios";
			requirement = {
				kind = upToNextMajorVersion;
				minimumVersion = 5.0.0;
			};
		};
		8FED61A00000000000000021 /* XCRemoteSwiftPackageReference "sentry-cocoa" */ = {
			isa = XCRemoteSwiftPackageReference;
			repositoryURL = "https://github.com/getsentry/sentry-cocoa";
			requirement = {
				kind = upToNextMajorVersion;
				minimumVersion = 8.0.0;
			};
		};
		8FED61A00000000000000031 /* XCRemoteSwiftPackageReference "posthog-ios" */ = {
			isa = XCRemoteSwiftPackageReference;
			repositoryURL = "https://github.com/PostHog/posthog-ios";
			requirement = {
				kind = upToNextMajorVersion;
				minimumVersion = 3.0.0;
			};
		};
/* End XCRemoteSwiftPackageReference section */

/* Begin XCSwiftPackageProductDependency section */
		8FED61A00000000000000002 /* Supabase */ = {
			isa = XCSwiftPackageProductDependency;
			package = 8FED61A00000000000000001 /* XCRemoteSwiftPackageReference "supabase-swift" */;
			productName = Supabase;
		};
		8FED61A00000000000000012 /* RevenueCat */ = {
			isa = XCSwiftPackageProductDependency;
			package = 8FED61A00000000000000011 /* XCRemoteSwiftPackageReference "purchases-ios" */;
			productName = RevenueCat;
		};
		8FED61A00000000000000022 /* Sentry */ = {
			isa = XCSwiftPackageProductDependency;
			package = 8FED61A00000000000000021 /* XCRemoteSwiftPackageReference "sentry-cocoa" */;
			productName = Sentry;
		};
		8FED61A00000000000000032 /* PostHog */ = {
			isa = XCSwiftPackageProductDependency;
			package = 8FED61A00000000000000031 /* XCRemoteSwiftPackageReference "posthog-ios" */;
			productName = PostHog;
		};
/* End XCSwiftPackageProductDependency section */
	};
	rootObject = 8FED612F2FD82AE8006A930D /* Project object */;
}
